// !$*UTF8*$!
{
	archiveVersion = 1;
	classes = {
	};
	objectVersion = 46;
	objects = {

/* Begin PBXBuildFile section */
		049C2D821D3E5C8D00915EB6 /* AppDelegate.swift in Sources */ = {isa = PBXBuildFile; fileRef = 049C2D811D3E5C8D00915EB6 /* AppDelegate.swift */; };
		049C2D871D3E5C8D00915EB6 /* Main.storyboard in Resources */ = {isa = PBXBuildFile; fileRef = 049C2D851D3E5C8D00915EB6 /* Main.storyboard */; };
		049C2D891D3E5C8D00915EB6 /* Assets.xcassets in Resources */ = {isa = PBXBuildFile; fileRef = 049C2D881D3E5C8D00915EB6 /* Assets.xcassets */; };
		049C2D8C1D3E5C8D00915EB6 /* LaunchScreen.storyboard in Resources */ = {isa = PBXBuildFile; fileRef = 049C2D8A1D3E5C8D00915EB6 /* LaunchScreen.storyboard */; };
		04A9F59E1D3F475B00C104C8 /* Tweet.swift in Sources */ = {isa = PBXBuildFile; fileRef = 04A9F59C1D3F475B00C104C8 /* Tweet.swift */; };
		04A9F59F1D3F475B00C104C8 /* User.swift in Sources */ = {isa = PBXBuildFile; fileRef = 04A9F59D1D3F475B00C104C8 /* User.swift */; };
		04A9F5A11D3F526800C104C8 /* Configuration.swift in Sources */ = {isa = PBXBuildFile; fileRef = 04A9F5A01D3F526800C104C8 /* Configuration.swift */; };
		04A9F5A41D3F654000C104C8 /* TwitterClient.swift in Sources */ = {isa = PBXBuildFile; fileRef = 04A9F5A31D3F654000C104C8 /* TwitterClient.swift */; };
		04A9F5A71D3F70B300C104C8 /* TweetsViewController.swift in Sources */ = {isa = PBXBuildFile; fileRef = 04A9F5A61D3F70B300C104C8 /* TweetsViewController.swift */; };
		04A9F5A91D3F725300C104C8 /* LoginViewController.swift in Sources */ = {isa = PBXBuildFile; fileRef = 04A9F5A81D3F725300C104C8 /* LoginViewController.swift */; };
		04A9F5AB1D3F79F000C104C8 /* README.md in Sources */ = {isa = PBXBuildFile; fileRef = 04A9F5AA1D3F79F000C104C8 /* README.md */; };
		04AB0BF81D407F9B0022F65F /* NavigationController.swift in Sources */ = {isa = PBXBuildFile; fileRef = 04AB0BF71D407F9B0022F65F /* NavigationController.swift */; };
		04AB0BFB1D4085480022F65F /* Pods-BlueTwitterCS.debug.xcconfig in Resources */ = {isa = PBXBuildFile; fileRef = 04AB0BF91D4085480022F65F /* Pods-BlueTwitterCS.debug.xcconfig */; };
		04AB0BFC1D4085480022F65F /* Pods-BlueTwitterCS.release.xcconfig in Resources */ = {isa = PBXBuildFile; fileRef = 04AB0BFA1D4085480022F65F /* Pods-BlueTwitterCS.release.xcconfig */; };
		D12E10DDCFAD72485E49DA1A /* Pods_BlueTwitterCS.framework in Frameworks */ = {isa = PBXBuildFile; fileRef = 7F72376F5C93D4C77BD5E821 /* Pods_BlueTwitterCS.framework */; };
/* End PBXBuildFile section */

/* Begin PBXFileReference section */
		049C2D7E1D3E5C8D00915EB6 /* BlueTwitterCS.app */ = {isa = PBXFileReference; explicitFileType = wrapper.application; includeInIndex = 0; path = BlueTwitterCS.app; sourceTree = BUILT_PRODUCTS_DIR; };
		049C2D811D3E5C8D00915EB6 /* AppDelegate.swift */ = {isa = PBXFileReference; lastKnownFileType = sourcecode.swift; path = AppDelegate.swift; sourceTree = "<group>"; };
		049C2D861D3E5C8D00915EB6 /* Base */ = {isa = PBXFileReference; lastKnownFileType = file.storyboard; name = Base; path = Base.lproj/Main.storyboard; sourceTree = "<group>"; };
		049C2D881D3E5C8D00915EB6 /* Assets.xcassets */ = {isa = PBXFileReference; lastKnownFileType = folder.assetcatalog; path = Assets.xcassets; sourceTree = "<group>"; };
		049C2D8B1D3E5C8D00915EB6 /* Base */ = {isa = PBXFileReference; lastKnownFileType = file.storyboard; name = Base; path = Base.lproj/LaunchScreen.storyboard; sourceTree = "<group>"; };
		049C2D8D1D3E5C8D00915EB6 /* Info.plist */ = {isa = PBXFileReference; lastKnownFileType = text.plist.xml; path = Info.plist; sourceTree = "<group>"; };
		04A9F59C1D3F475B00C104C8 /* Tweet.swift */ = {isa = PBXFileReference; fileEncoding = 4; lastKnownFileType = sourcecode.swift; path = Tweet.swift; sourceTree = "<group>"; };
		04A9F59D1D3F475B00C104C8 /* User.swift */ = {isa = PBXFileReference; fileEncoding = 4; lastKnownFileType = sourcecode.swift; path = User.swift; sourceTree = "<group>"; };
		04A9F5A01D3F526800C104C8 /* Configuration.swift */ = {isa = PBXFileReference; fileEncoding = 4; lastKnownFileType = sourcecode.swift; path = Configuration.swift; sourceTree = "<group>"; };
		04A9F5A31D3F654000C104C8 /* TwitterClient.swift */ = {isa = PBXFileReference; fileEncoding = 4; lastKnownFileType = sourcecode.swift; path = TwitterClient.swift; sourceTree = "<group>"; };
		04A9F5A61D3F70B300C104C8 /* TweetsViewController.swift */ = {isa = PBXFileReference; fileEncoding = 4; lastKnownFileType = sourcecode.swift; path = TweetsViewController.swift; sourceTree = "<group>"; };
		04A9F5A81D3F725300C104C8 /* LoginViewController.swift */ = {isa = PBXFileReference; fileEncoding = 4; lastKnownFileType = sourcecode.swift; path = LoginViewController.swift; sourceTree = "<group>"; };
		04A9F5AA1D3F79F000C104C8 /* README.md */ = {isa = PBXFileReference; fileEncoding = 4; lastKnownFileType = net.daringfireball.markdown; path = README.md; sourceTree = "<group>"; };
		04AB0BF71D407F9B0022F65F /* NavigationController.swift */ = {isa = PBXFileReference; fileEncoding = 4; lastKnownFileType = sourcecode.swift; path = NavigationController.swift; sourceTree = "<group>"; };
		04AB0BF91D4085480022F65F /* Pods-BlueTwitterCS.debug.xcconfig */ = {isa = PBXFileReference; fileEncoding = 4; lastKnownFileType = text.xcconfig; name = "Pods-BlueTwitterCS.debug.xcconfig"; path = "Pods/Target Support Files/Pods-BlueTwitterCS/Pods-BlueTwitterCS.debug.xcconfig"; sourceTree = "<group>"; };
		04AB0BFA1D4085480022F65F /* Pods-BlueTwitterCS.release.xcconfig */ = {isa = PBXFileReference; fileEncoding = 4; lastKnownFileType = text.xcconfig; name = "Pods-BlueTwitterCS.release.xcconfig"; path = "Pods/Target Support Files/Pods-BlueTwitterCS/Pods-BlueTwitterCS.release.xcconfig"; sourceTree = "<group>"; };
		7F72376F5C93D4C77BD5E821 /* Pods_BlueTwitterCS.framework */ = {isa = PBXFileReference; explicitFileType = wrapper.framework; includeInIndex = 0; path = Pods_BlueTwitterCS.framework; sourceTree = BUILT_PRODUCTS_DIR; };
/* End PBXFileReference section */

/* Begin PBXFrameworksBuildPhase section */
		049C2D7B1D3E5C8D00915EB6 /* Frameworks */ = {
			isa = PBXFrameworksBuildPhase;
			buildActionMask = 2147483647;
			files = (
				D12E10DDCFAD72485E49DA1A /* Pods_BlueTwitterCS.framework in Frameworks */,
			);
			runOnlyForDeploymentPostprocessing = 0;
		};
/* End PBXFrameworksBuildPhase section */

/* Begin PBXGroup section */
		049C2D751D3E5C8D00915EB6 = {
			isa = PBXGroup;
			children = (
				04A9F5AA1D3F79F000C104C8 /* README.md */,
				049C2D801D3E5C8D00915EB6 /* BlueTwitter */,
				049C2D7F1D3E5C8D00915EB6 /* Products */,
				58077C087CE7844655D5F43A /* Pods */,
				6E49B46038E2E4AA9758D7DC /* Frameworks */,
			);
			sourceTree = "<group>";
		};
		049C2D7F1D3E5C8D00915EB6 /* Products */ = {
			isa = PBXGroup;
			children = (
				049C2D7E1D3E5C8D00915EB6 /* BlueTwitterCS.app */,
			);
			name = Products;
			sourceTree = "<group>";
		};
		049C2D801D3E5C8D00915EB6 /* BlueTwitter */ = {
			isa = PBXGroup;
			children = (
				04A9F5A51D3F709D00C104C8 /* ViewControllers */,
				04A9F5A21D3F652E00C104C8 /* API */,
				04A9F59B1D3F475B00C104C8 /* Models */,
				049C2D811D3E5C8D00915EB6 /* AppDelegate.swift */,
				049C2D851D3E5C8D00915EB6 /* Main.storyboard */,
				049C2D881D3E5C8D00915EB6 /* Assets.xcassets */,
				049C2D8A1D3E5C8D00915EB6 /* LaunchScreen.storyboard */,
				049C2D8D1D3E5C8D00915EB6 /* Info.plist */,
			);
			path = BlueTwitter;
			sourceTree = "<group>";
		};
		04A9F59B1D3F475B00C104C8 /* Models */ = {
			isa = PBXGroup;
			children = (
				04A9F59C1D3F475B00C104C8 /* Tweet.swift */,
				04A9F59D1D3F475B00C104C8 /* User.swift */,
				04A9F5A01D3F526800C104C8 /* Configuration.swift */,
			);
			path = Models;
			sourceTree = "<group>";
		};
		04A9F5A21D3F652E00C104C8 /* API */ = {
			isa = PBXGroup;
			children = (
				04A9F5A31D3F654000C104C8 /* TwitterClient.swift */,
			);
			path = API;
			sourceTree = "<group>";
		};
		04A9F5A51D3F709D00C104C8 /* ViewControllers */ = {
			isa = PBXGroup;
			children = (
				04A9F5A61D3F70B300C104C8 /* TweetsViewController.swift */,
				04A9F5A81D3F725300C104C8 /* LoginViewController.swift */,
				04AB0BF71D407F9B0022F65F /* NavigationController.swift */,
			);
			path = ViewControllers;
			sourceTree = "<group>";
		};
		58077C087CE7844655D5F43A /* Pods */ = {
			isa = PBXGroup;
			children = (
				04AB0BF91D4085480022F65F /* Pods-BlueTwitterCS.debug.xcconfig */,
				04AB0BFA1D4085480022F65F /* Pods-BlueTwitterCS.release.xcconfig */,
			);
			name = Pods;
			sourceTree = "<group>";
		};
		6E49B46038E2E4AA9758D7DC /* Frameworks */ = {
			isa = PBXGroup;
			children = (
				7F72376F5C93D4C77BD5E821 /* Pods_BlueTwitterCS.framework */,
			);
			name = Frameworks;
			sourceTree = "<group>";
		};
/* End PBXGroup section */

/* Begin PBXNativeTarget section */
		049C2D7D1D3E5C8D00915EB6 /* BlueTwitterCS */ = {
			isa = PBXNativeTarget;
			buildConfigurationList = 049C2D901D3E5C8D00915EB6 /* Build configuration list for PBXNativeTarget "BlueTwitterCS" */;
			buildPhases = (
				F8B543434395C80604A986DC /* Check Pods Manifest.lock */,
				049C2D7A1D3E5C8D00915EB6 /* Sources */,
				049C2D7B1D3E5C8D00915EB6 /* Frameworks */,
				049C2D7C1D3E5C8D00915EB6 /* Resources */,
				54ACA8DD07E4444796DC40AB /* Embed Pods Frameworks */,
				3EE817F9012655ACC6ED08E1 /* Copy Pods Resources */,
			);
			buildRules = (
			);
			dependencies = (
			);
			name = BlueTwitterCS;
			productName = BlueTwitter;
			productReference = 049C2D7E1D3E5C8D00915EB6 /* BlueTwitterCS.app */;
			productType = "com.apple.product-type.application";
		};
/* End PBXNativeTarget section */

/* Begin PBXProject section */
		049C2D761D3E5C8D00915EB6 /* Project object */ = {
			isa = PBXProject;
			attributes = {
				LastSwiftUpdateCheck = 0730;
				LastUpgradeCheck = 0730;
				ORGANIZATIONNAME = "ZwooMobile Pte. Ltd.";
				TargetAttributes = {
					049C2D7D1D3E5C8D00915EB6 = {
						CreatedOnToolsVersion = 7.3.1;
					};
				};
			};
			buildConfigurationList = 049C2D791D3E5C8D00915EB6 /* Build configuration list for PBXProject "BlueTwitterCS" */;
			compatibilityVersion = "Xcode 3.2";
			developmentRegion = English;
			hasScannedForEncodings = 0;
			knownRegions = (
				en,
				Base,
			);
			mainGroup = 049C2D751D3E5C8D00915EB6;
			productRefGroup = 049C2D7F1D3E5C8D00915EB6 /* Products */;
			projectDirPath = "";
			projectRoot = "";
			targets = (
				049C2D7D1D3E5C8D00915EB6 /* BlueTwitterCS */,
			);
		};
/* End PBXProject section */

/* Begin PBXResourcesBuildPhase section */
		049C2D7C1D3E5C8D00915EB6 /* Resources */ = {
			isa = PBXResourcesBuildPhase;
			buildActionMask = 2147483647;
			files = (
				04AB0BFC1D4085480022F65F /* Pods-BlueTwitterCS.release.xcconfig in Resources */,
				049C2D8C1D3E5C8D00915EB6 /* LaunchScreen.storyboard in Resources */,
				049C2D891D3E5C8D00915EB6 /* Assets.xcassets in Resources */,
				049C2D871D3E5C8D00915EB6 /* Main.storyboard in Resources */,
				04AB0BFB1D4085480022F65F /* Pods-BlueTwitterCS.debug.xcconfig in Resources */,
			);
			runOnlyForDeploymentPostprocessing = 0;
		};
/* End PBXResourcesBuildPhase section */

/* Begin PBXShellScriptBuildPhase section */
		3EE817F9012655ACC6ED08E1 /* Copy Pods Resources */ = {
			isa = PBXShellScriptBuildPhase;
			buildActionMask = 2147483647;
			files = (
			);
			inputPaths = (
			);
			name = "Copy Pods Resources";
			outputPaths = (
			);
			runOnlyForDeploymentPostprocessing = 0;
			shellPath = /bin/sh;
			shellScript = "\"${SRCROOT}/Pods/Target Support Files/Pods-BlueTwitterCS/Pods-BlueTwitterCS-resources.sh\"\n";
			showEnvVarsInLog = 0;
		};
		54ACA8DD07E4444796DC40AB /* Embed Pods Frameworks */ = {
			isa = PBXShellScriptBuildPhase;
			buildActionMask = 2147483647;
			files = (
			);
			inputPaths = (
			);
			name = "Embed Pods Frameworks";
			outputPaths = (
			);
			runOnlyForDeploymentPostprocessing = 0;
			shellPath = /bin/sh;
			shellScript = "\"${SRCROOT}/Pods/Target Support Files/Pods-BlueTwitterCS/Pods-BlueTwitterCS-frameworks.sh\"\n";
			showEnvVarsInLog = 0;
		};
		F8B543434395C80604A986DC /* Check Pods Manifest.lock */ = {
			isa = PBXShellScriptBuildPhase;
			buildActionMask = 2147483647;
			files = (
			);
			inputPaths = (
			);
			name = "Check Pods Manifest.lock";
			outputPaths = (
			);
			runOnlyForDeploymentPostprocessing = 0;
			shellPath = /bin/sh;
			shellScript = "diff \"${PODS_ROOT}/../Podfile.lock\" \"${PODS_ROOT}/Manifest.lock\" > /dev/null\nif [[ $? != 0 ]] ; then\n    cat << EOM\nerror: The sandbox is not in sync with the Podfile.lock. Run 'pod install' or update your CocoaPods installation.\nEOM\n    exit 1\nfi\n";
			showEnvVarsInLog = 0;
		};
/* End PBXShellScriptBuildPhase section */

/* Begin PBXSourcesBuildPhase section */
		049C2D7A1D3E5C8D00915EB6 /* Sources */ = {
			isa = PBXSourcesBuildPhase;
			buildActionMask = 2147483647;
			files = (
				04A9F59F1D3F475B00C104C8 /* User.swift in Sources */,
				04A9F5A11D3F526800C104C8 /* Configuration.swift in Sources */,
				04A9F59E1D3F475B00C104C8 /* Tweet.swift in Sources */,
				04A9F5A91D3F725300C104C8 /* LoginViewController.swift in Sources */,
				04AB0BF81D407F9B0022F65F /* NavigationController.swift in Sources */,
				04A9F5A41D3F654000C104C8 /* TwitterClient.swift in Sources */,
				049C2D821D3E5C8D00915EB6 /* AppDelegate.swift in Sources */,
				04A9F5AB1D3F79F000C104C8 /* README.md in Sources */,
				04A9F5A71D3F70B300C104C8 /* TweetsViewController.swift in Sources */,
			);
			runOnlyForDeploymentPostprocessing = 0;
		};
/* End PBXSourcesBuildPhase section */

/* Begin PBXVariantGroup section */
		049C2D851D3E5C8D00915EB6 /* Main.storyboard */ = {
			isa = PBXVariantGroup;
			children = (
				049C2D861D3E5C8D00915EB6 /* Base */,
			);
			name = Main.storyboard;
			sourceTree = "<group>";
		};
		049C2D8A1D3E5C8D00915EB6 /* LaunchScreen.storyboard */ = {
			isa = PBXVariantGroup;
			children = (
				049C2D8B1D3E5C8D00915EB6 /* Base */,
			);
			name = LaunchScreen.storyboard;
			sourceTree = "<group>";
		};
/* End PBXVariantGroup section */

/* Begin XCBuildConfiguration section */
		049C2D8E1D3E5C8D00915EB6 /* Debug */ = {
			isa = XCBuildConfiguration;
			buildSettings = {
				ALWAYS_SEARCH_USER_PATHS = NO;
				CLANG_ANALYZER_NONNULL = YES;
				CLANG_CXX_LANGUAGE_STANDARD = "gnu++0x";
				CLANG_CXX_LIBRARY = "libc++";
				CLANG_ENABLE_MODULES = YES;
				CLANG_ENABLE_OBJC_ARC = YES;
				CLANG_WARN_BOOL_CONVERSION = YES;
				CLANG_WARN_CONSTANT_CONVERSION = YES;
				CLANG_WARN_DIRECT_OBJC_ISA_USAGE = YES_ERROR;
				CLANG_WARN_EMPTY_BODY = YES;
				CLANG_WARN_ENUM_CONVERSION = YES;
				CLANG_WARN_INT_CONVERSION = YES;
				CLANG_WARN_OBJC_ROOT_CLASS = YES_ERROR;
				CLANG_WARN_UNREACHABLE_CODE = YES;
				CLANG_WARN__DUPLICATE_METHOD_MATCH = YES;
				"CODE_SIGN_IDENTITY[sdk=iphoneos*]" = "iPhone Developer";
				COPY_PHASE_STRIP = NO;
				DEBUG_INFORMATION_FORMAT = dwarf;
				ENABLE_STRICT_OBJC_MSGSEND = YES;
				ENABLE_TESTABILITY = YES;
				GCC_C_LANGUAGE_STANDARD = gnu99;
				GCC_DYNAMIC_NO_PIC = NO;
				GCC_NO_COMMON_BLOCKS = YES;
				GCC_OPTIMIZATION_LEVEL = 0;
				GCC_PREPROCESSOR_DEFINITIONS = (
					"DEBUG=1",
					"$(inherited)",
				);
				GCC_WARN_64_TO_32_BIT_CONVERSION = YES;
				GCC_WARN_ABOUT_RETURN_TYPE = YES_ERROR;
				GCC_WARN_UNDECLARED_SELECTOR = YES;
				GCC_WARN_UNINITIALIZED_AUTOS = YES_AGGRESSIVE;
				GCC_WARN_UNUSED_FUNCTION = YES;
				GCC_WARN_UNUSED_VARIABLE = YES;
				IPHONEOS_DEPLOYMENT_TARGET = 9.3;
				MTL_ENABLE_DEBUG_INFO = YES;
				ONLY_ACTIVE_ARCH = YES;
				SDKROOT = iphoneos;
				SWIFT_OPTIMIZATION_LEVEL = "-Onone";
			};
			name = Debug;
		};
		049C2D8F1D3E5C8D00915EB6 /* Release */ = {
			isa = XCBuildConfiguration;
			buildSettings = {
				ALWAYS_SEARCH_USER_PATHS = NO;
				CLANG_ANALYZER_NONNULL = YES;
				CLANG_CXX_LANGUAGE_STANDARD = "gnu++0x";
				CLANG_CXX_LIBRARY = "libc++";
				CLANG_ENABLE_MODULES = YES;
				CLANG_ENABLE_OBJC_ARC = YES;
				CLANG_WARN_BOOL_CONVERSION = YES;
				CLANG_WARN_CONSTANT_CONVERSION = YES;
				CLANG_WARN_DIRECT_OBJC_ISA_USAGE = YES_ERROR;
				CLANG_WARN_EMPTY_BODY = YES;
				CLANG_WARN_ENUM_CONVERSION = YES;
				CLANG_WARN_INT_CONVERSION = YES;
				CLANG_WARN_OBJC_ROOT_CLASS = YES_ERROR;
				CLANG_WARN_UNREACHABLE_CODE = YES;
				CLANG_WARN__DUPLICATE_METHOD_MATCH = YES;
				"CODE_SIGN_IDENTITY[sdk=iphoneos*]" = "iPhone Developer";
				COPY_PHASE_STRIP = NO;
				DEBUG_INFORMATION_FORMAT = "dwarf-with-dsym";
				ENABLE_NS_ASSERTIONS = NO;
				ENABLE_STRICT_OBJC_MSGSEND = YES;
				GCC_C_LANGUAGE_STANDARD = gnu99;
				GCC_NO_COMMON_BLOCKS = YES;
				GCC_WARN_64_TO_32_BIT_CONVERSION = YES;
				GCC_WARN_ABOUT_RETURN_TYPE = YES_ERROR;
				GCC_WARN_UNDECLARED_SELECTOR = YES;
				GCC_WARN_UNINITIALIZED_AUTOS = YES_AGGRESSIVE;
				GCC_WARN_UNUSED_FUNCTION = YES;
				GCC_WARN_UNUSED_VARIABLE = YES;
				IPHONEOS_DEPLOYMENT_TARGET = 9.3;
				MTL_ENABLE_DEBUG_INFO = NO;
				SDKROOT = iphoneos;
				VALIDATE_PRODUCT = YES;
			};
			name = Release;
		};
		049C2D911D3E5C8D00915EB6 /* Debug */ = {
			isa = XCBuildConfiguration;
			baseConfigurationReference = 04AB0BF91D4085480022F65F /* Pods-BlueTwitterCS.debug.xcconfig */;
			buildSettings = {
				ASSETCATALOG_COMPILER_APPICON_NAME = AppIcon;
				INFOPLIST_FILE = BlueTwitter/Info.plist;
				LD_RUNPATH_SEARCH_PATHS = "$(inherited) @executable_path/Frameworks";
				PRODUCT_BUNDLE_IDENTIFIER = com.zwoomobile.BlueTwitterCS;
				PRODUCT_NAME = BlueTwitterCS;
			};
			name = Debug;
		};
		049C2D921D3E5C8D00915EB6 /* Release */ = {
			isa = XCBuildConfiguration;
			baseConfigurationReference = 04AB0BFA1D4085480022F65F /* Pods-BlueTwitterCS.release.xcconfig */;
			buildSettings = {
				ASSETCATALOG_COMPILER_APPICON_NAME = AppIcon;
				INFOPLIST_FILE = BlueTwitter/Info.plist;
				LD_RUNPATH_SEARCH_PATHS = "$(inherited) @executable_path/Frameworks";
				PRODUCT_BUNDLE_IDENTIFIER = com.zwoomobile.BlueTwitterCS;
				PRODUCT_NAME = BlueTwitterCS;
			};
			name = Release;
		};
/* End XCBuildConfiguration section */

/* Begin XCConfigurationList section */
		049C2D791D3E5C8D00915EB6 /* Build configuration list for PBXProject "BlueTwitterCS" */ = {
			isa = XCConfigurationList;
			buildConfigurations = (
				049C2D8E1D3E5C8D00915EB6 /* Debug */,
				049C2D8F1D3E5C8D00915EB6 /* Release */,
			);
			defaultConfigurationIsVisible = 0;
			defaultConfigurationName = Release;
		};
		049C2D901D3E5C8D00915EB6 /* Build configuration list for PBXNativeTarget "BlueTwitterCS" */ = {
			isa = XCConfigurationList;
			buildConfigurations = (
				049C2D911D3E5C8D00915EB6 /* Debug */,
				049C2D921D3E5C8D00915EB6 /* Release */,
			);
			defaultConfigurationIsVisible = 0;
			defaultConfigurationName = Release;
		};
/* End XCConfigurationList section */
	};
	rootObject = 049C2D761D3E5C8D00915EB6 /* Project object */;
}
